github.com/kodeyeen/event v0.0.0-20240427055657-c8934a313a59 h1:EuKSZMdWyclDtEot9sPA1PiDXmp3Vpphx035nhT0fWs=
github.com/kodeyeen/event v0.0.0-20240427055657-c8934a313a59/go.mod h1:IF6pJtK3LJSCc/AtEt/UbJf0G5iNVEMOx7sHtx1OtVA=
github.com/kodeyeen/event v0.0.0-20240509154217-415e2b6fc52b h1:sCLKvfb8ypJNi5S6oSROwjloOTuj2j5CZCEjxnrfhkU=
github.com/kodeyeen/event v0.0.0-20240509154217-415e2b6fc52b/go.mod h1:IF6pJtK3LJSCc/AtEt/UbJf0G5iNVEMOx7sHtx1OtVA=
